// !$*UTF8*$!
{
	archiveVersion = 1;
	classes = {
	};
	objectVersion = 55;
	objects = {

/* Begin PBXBuildFile section */
		70BA1FCF27EEB492000C2567 /* Tests_iOS.swift in Sources */ = {isa = PBXBuildFile; fileRef = 70BA1FCE27EEB492000C2567 /* Tests_iOS.swift */; };
		70BA1FD127EEB492000C2567 /* Tests_iOSLaunchTests.swift in Sources */ = {isa = PBXBuildFile; fileRef = 70BA1FD027EEB492000C2567 /* Tests_iOSLaunchTests.swift */; };
		70BA1FDB27EEB492000C2567 /* Tests_macOS.swift in Sources */ = {isa = PBXBuildFile; fileRef = 70BA1FDA27EEB492000C2567 /* Tests_macOS.swift */; };
		70BA1FDD27EEB492000C2567 /* Tests_macOSLaunchTests.swift in Sources */ = {isa = PBXBuildFile; fileRef = 70BA1FDC27EEB492000C2567 /* Tests_macOSLaunchTests.swift */; };
		70BA1FDE27EEB492000C2567 /* ExampleApp.swift in Sources */ = {isa = PBXBuildFile; fileRef = 70BA1FB627EEB490000C2567 /* ExampleApp.swift */; };
		70BA1FDF27EEB492000C2567 /* ExampleApp.swift in Sources */ = {isa = PBXBuildFile; fileRef = 70BA1FB627EEB490000C2567 /* ExampleApp.swift */; };
		70BA1FE027EEB492000C2567 /* ContentView.swift in Sources */ = {isa = PBXBuildFile; fileRef = 70BA1FB727EEB490000C2567 /* ContentView.swift */; };
		70BA1FE127EEB492000C2567 /* ContentView.swift in Sources */ = {isa = PBXBuildFile; fileRef = 70BA1FB727EEB490000C2567 /* ContentView.swift */; };
		70BA1FE227EEB492000C2567 /* Assets.xcassets in Resources */ = {isa = PBXBuildFile; fileRef = 70BA1FB827EEB492000C2567 /* Assets.xcassets */; };
		70BA1FE327EEB492000C2567 /* Assets.xcassets in Resources */ = {isa = PBXBuildFile; fileRef = 70BA1FB827EEB492000C2567 /* Assets.xcassets */; };
		70BA1FF627EEB532000C2567 /* SFReadableSymbols in Frameworks */ = {isa = PBXBuildFile; productRef = 70BA1FF527EEB532000C2567 /* SFReadableSymbols */; };
		70BA1FF827EEB53C000C2567 /* SFReadableSymbols in Frameworks */ = {isa = PBXBuildFile; productRef = 70BA1FF727EEB53C000C2567 /* SFReadableSymbols */; };
		70BA1FFB27EEB709000C2567 /* SFSafeSymbols in Frameworks */ = {isa = PBXBuildFile; productRef = 70BA1FFA27EEB709000C2567 /* SFSafeSymbols */; };
		70BA1FFF27EEB9B5000C2567 /* SFSafeSymbols in Frameworks */ = {isa = PBXBuildFile; productRef = 70BA1FFE27EEB9B5000C2567 /* SFSafeSymbols */; };
/* End PBXBuildFile section */

/* Begin PBXContainerItemProxy section */
		70BA1FCB27EEB492000C2567 /* PBXContainerItemProxy */ = {
			isa = PBXContainerItemProxy;
			containerPortal = 70BA1FB127EEB490000C2567 /* Project object */;
			proxyType = 1;
			remoteGlobalIDString = 70BA1FBC27EEB492000C2567;
			remoteInfo = "Example (iOS)";
		};
		70BA1FD727EEB492000C2567 /* PBXContainerItemProxy */ = {
			isa = PBXContainerItemProxy;
			containerPortal = 70BA1FB127EEB490000C2567 /* Project object */;
			proxyType = 1;
			remoteGlobalIDString = 70BA1FC227EEB492000C2567;
			remoteInfo = "Example (macOS)";
		};
/* End PBXContainerItemProxy section */

/* Begin PBXCopyFilesBuildPhase section */
		70BA200327EEBA33000C2567 /* Embed Frameworks */ = {
			isa = PBXCopyFilesBuildPhase;
			buildActionMask = 2147483647;
			dstPath = "";
			dstSubfolderSpec = 10;
			files = (
			);
			name = "Embed Frameworks";
			runOnlyForDeploymentPostprocessing = 0;
		};
/* End PBXCopyFilesBuildPhase section */

/* Begin PBXFileReference section */
		70BA1FB627EEB490000C2567 /* ExampleApp.swift */ = {isa = PBXFileReference; lastKnownFileType = sourcecode.swift; path = ExampleApp.swift; sourceTree = "<group>"; };
		70BA1FB727EEB490000C2567 /* ContentView.swift */ = {isa = PBXFileReference; lastKnownFileType = sourcecode.swift; path = ContentView.swift; sourceTree = "<group>"; };
		70BA1FB827EEB492000C2567 /* Assets.xcassets */ = {isa = PBXFileReference; lastKnownFileType = folder.assetcatalog; path = Assets.xcassets; sourceTree = "<group>"; };
		70BA1FBD27EEB492000C2567 /* Example.app */ = {isa = PBXFileReference; explicitFileType = wrapper.application; includeInIndex = 0; path = Example.app; sourceTree = BUILT_PRODUCTS_DIR; };
		70BA1FC327EEB492000C2567 /* Example.app */ = {isa = PBXFileReference; explicitFileType = wrapper.application; includeInIndex = 0; path = Example.app; sourceTree = BUILT_PRODUCTS_DIR; };
		70BA1FC527EEB492000C2567 /* macOS.entitlements */ = {isa = PBXFileReference; lastKnownFileType = text.plist.entitlements; path = macOS.entitlements; sourceTree = "<group>"; };
		70BA1FCA27EEB492000C2567 /* Tests iOS.xctest */ = {isa = PBXFileReference; explicitFileType = wrapper.cfbundle; includeInIndex = 0; path = "Tests iOS.xctest"; sourceTree = BUILT_PRODUCTS_DIR; };
		70BA1FCE27EEB492000C2567 /* Tests_iOS.swift */ = {isa = PBXFileReference; lastKnownFileType = sourcecode.swift; path = Tests_iOS.swift; sourceTree = "<group>"; };
		70BA1FD027EEB492000C2567 /* Tests_iOSLaunchTests.swift */ = {isa = PBXFileReference; lastKnownFileType = sourcecode.swift; path = Tests_iOSLaunchTests.swift; sourceTree = "<group>"; };
		70BA1FD627EEB492000C2567 /* Tests macOS.xctest */ = {isa = PBXFileReference; explicitFileType = wrapper.cfbundle; includeInIndex = 0; path = "Tests macOS.xctest"; sourceTree = BUILT_PRODUCTS_DIR; };
		70BA1FDA27EEB492000C2567 /* Tests_macOS.swift */ = {isa = PBXFileReference; lastKnownFileType = sourcecode.swift; path = Tests_macOS.swift; sourceTree = "<group>"; };
		70BA1FDC27EEB492000C2567 /* Tests_macOSLaunchTests.swift */ = {isa = PBXFileReference; lastKnownFileType = sourcecode.swift; path = Tests_macOSLaunchTests.swift; sourceTree = "<group>"; };
		70BA1FF327EEB4EE000C2567 /* SFReadableSymbols */ = {isa = PBXFileReference; lastKnownFileType = wrapper; name = SFReadableSymbols; path = ..; sourceTree = "<group>"; };
/* End PBXFileReference section */

/* Begin PBXFrameworksBuildPhase section */
		70BA1FBA27EEB492000C2567 /* Frameworks */ = {
			isa = PBXFrameworksBuildPhase;
			buildActionMask = 2147483647;
			files = (
				70BA1FFB27EEB709000C2567 /* SFSafeSymbols in Frameworks */,
				70BA1FF627EEB532000C2567 /* SFReadableSymbols in Frameworks */,
			);
			runOnlyForDeploymentPostprocessing = 0;
		};
		70BA1FC027EEB492000C2567 /* Frameworks */ = {
			isa = PBXFrameworksBuildPhase;
			buildActionMask = 2147483647;
			files = (
				70BA1FFF27EEB9B5000C2567 /* SFSafeSymbols in Frameworks */,
				70BA1FF827EEB53C000C2567 /* SFReadableSymbols in Frameworks */,
			);
			runOnlyForDeploymentPostprocessing = 0;
		};
		70BA1FC727EEB492000C2567 /* Frameworks */ = {
			isa = PBXFrameworksBuildPhase;
			buildActionMask = 2147483647;
			files = (
			);
			runOnlyForDeploymentPostprocessing = 0;
		};
		70BA1FD327EEB492000C2567 /* Frameworks */ = {
			isa = PBXFrameworksBuildPhase;
			buildActionMask = 2147483647;
			files = (
			);
			runOnlyForDeploymentPostprocessing = 0;
		};
/* End PBXFrameworksBuildPhase section */

/* Begin PBXGroup section */
		70BA1FB027EEB490000C2567 = {
			isa = PBXGroup;
			children = (
				70BA1FF227EEB4EE000C2567 /* Packages */,
				70BA1FB527EEB490000C2567 /* Shared */,
				70BA1FC427EEB492000C2567 /* macOS */,
				70BA1FCD27EEB492000C2567 /* Tests iOS */,
				70BA1FD927EEB492000C2567 /* Tests macOS */,
				70BA1FBE27EEB492000C2567 /* Products */,
				70BA1FF427EEB532000C2567 /* Frameworks */,
			);
			sourceTree = "<group>";
		};
		70BA1FB527EEB490000C2567 /* Shared */ = {
			isa = PBXGroup;
			children = (
				70BA1FB627EEB490000C2567 /* ExampleApp.swift */,
				70BA1FB727EEB490000C2567 /* ContentView.swift */,
				70BA1FB827EEB492000C2567 /* Assets.xcassets */,
			);
			path = Shared;
			sourceTree = "<group>";
		};
		70BA1FBE27EEB492000C2567 /* Products */ = {
			isa = PBXGroup;
			children = (
				70BA1FBD27EEB492000C2567 /* Example.app */,
				70BA1FC327EEB492000C2567 /* Example.app */,
				70BA1FCA27EEB492000C2567 /* Tests iOS.xctest */,
				70BA1FD627EEB492000C2567 /* Tests macOS.xctest */,
			);
			name = Products;
			sourceTree = "<group>";
		};
		70BA1FC427EEB492000C2567 /* macOS */ = {
			isa = PBXGroup;
			children = (
				70BA1FC527EEB492000C2567 /* macOS.entitlements */,
			);
			path = macOS;
			sourceTree = "<group>";
		};
		70BA1FCD27EEB492000C2567 /* Tests iOS */ = {
			isa = PBXGroup;
			children = (
				70BA1FCE27EEB492000C2567 /* Tests_iOS.swift */,
				70BA1FD027EEB492000C2567 /* Tests_iOSLaunchTests.swift */,
			);
			path = "Tests iOS";
			sourceTree = "<group>";
		};
		70BA1FD927EEB492000C2567 /* Tests macOS */ = {
			isa = PBXGroup;
			children = (
				70BA1FDA27EEB492000C2567 /* Tests_macOS.swift */,
				70BA1FDC27EEB492000C2567 /* Tests_macOSLaunchTests.swift */,
			);
			path = "Tests macOS";
			sourceTree = "<group>";
		};
		70BA1FF227EEB4EE000C2567 /* Packages */ = {
			isa = PBXGroup;
			children = (
				70BA1FF327EEB4EE000C2567 /* SFReadableSymbols */,
			);
			name = Packages;
			sourceTree = "<group>";
		};
		70BA1FF427EEB532000C2567 /* Frameworks */ = {
			isa = PBXGroup;
			children = (
			);
			name = Frameworks;
			sourceTree = "<group>";
		};
/* End PBXGroup section */

/* Begin PBXNativeTarget section */
		70BA1FBC27EEB492000C2567 /* Example (iOS) */ = {
			isa = PBXNativeTarget;
			buildConfigurationList = 70BA1FE627EEB492000C2567 /* Build configuration list for PBXNativeTarget "Example (iOS)" */;
			buildPhases = (
				70BA1FB927EEB492000C2567 /* Sources */,
				70BA1FBA27EEB492000C2567 /* Frameworks */,
				70BA1FBB27EEB492000C2567 /* Resources */,
				70BA200327EEBA33000C2567 /* Embed Frameworks */,
			);
			buildRules = (
			);
			dependencies = (
			);
			name = "Example (iOS)";
			packageProductDependencies = (
				70BA1FF527EEB532000C2567 /* SFReadableSymbols */,
				70BA1FFA27EEB709000C2567 /* SFSafeSymbols */,
			);
			productName = "Example (iOS)";
			productReference = 70BA1FBD27EEB492000C2567 /* Example.app */;
			productType = "com.apple.product-type.application";
		};
		70BA1FC227EEB492000C2567 /* Example (macOS) */ = {
			isa = PBXNativeTarget;
			buildConfigurationList = 70BA1FE927EEB492000C2567 /* Build configuration list for PBXNativeTarget "Example (macOS)" */;
			buildPhases = (
				70BA1FBF27EEB492000C2567 /* Sources */,
				70BA1FC027EEB492000C2567 /* Frameworks */,
				70BA1FC127EEB492000C2567 /* Resources */,
			);
			buildRules = (
			);
			dependencies = (
			);
			name = "Example (macOS)";
			packageProductDependencies = (
				70BA1FF727EEB53C000C2567 /* SFReadableSymbols */,
				70BA1FFE27EEB9B5000C2567 /* SFSafeSymbols */,
			);
			productName = "Example (macOS)";
			productReference = 70BA1FC327EEB492000C2567 /* Example.app */;
			productType = "com.apple.product-type.application";
		};
		70BA1FC927EEB492000C2567 /* Tests iOS */ = {
			isa = PBXNativeTarget;
			buildConfigurationList = 70BA1FEC27EEB492000C2567 /* Build configuration list for PBXNativeTarget "Tests iOS" */;
			buildPhases = (
				70BA1FC627EEB492000C2567 /* Sources */,
				70BA1FC727EEB492000C2567 /* Frameworks */,
				70BA1FC827EEB492000C2567 /* Resources */,
			);
			buildRules = (
			);
			dependencies = (
				70BA1FCC27EEB492000C2567 /* PBXTargetDependency */,
			);
			name = "Tests iOS";
			productName = "Tests iOS";
			productReference = 70BA1FCA27EEB492000C2567 /* Tests iOS.xctest */;
			productType = "com.apple.product-type.bundle.ui-testing";
		};
		70BA1FD527EEB492000C2567 /* Tests macOS */ = {
			isa = PBXNativeTarget;
			buildConfigurationList = 70BA1FEF27EEB492000C2567 /* Build configuration list for PBXNativeTarget "Tests macOS" */;
			buildPhases = (
				70BA1FD227EEB492000C2567 /* Sources */,
				70BA1FD327EEB492000C2567 /* Frameworks */,
				70BA1FD427EEB492000C2567 /* Resources */,
			);
			buildRules = (
			);
			dependencies = (
				70BA1FD827EEB492000C2567 /* PBXTargetDependency */,
			);
			name = "Tests macOS";
			productName = "Tests macOS";
			productReference = 70BA1FD627EEB492000C2567 /* Tests macOS.xctest */;
			productType = "com.apple.product-type.bundle.ui-testing";
		};
/* End PBXNativeTarget section */

/* Begin PBXProject section */
		70BA1FB127EEB490000C2567 /* Project object */ = {
			isa = PBXProject;
			attributes = {
				BuildIndependentTargetsInParallel = 1;
				LastSwiftUpdateCheck = 1330;
				LastUpgradeCheck = 1330;
				TargetAttributes = {
					70BA1FBC27EEB492000C2567 = {
						CreatedOnToolsVersion = 13.3;
					};
					70BA1FC227EEB492000C2567 = {
						CreatedOnToolsVersion = 13.3;
					};
					70BA1FC927EEB492000C2567 = {
						CreatedOnToolsVersion = 13.3;
						TestTargetID = 70BA1FBC27EEB492000C2567;
					};
					70BA1FD527EEB492000C2567 = {
						CreatedOnToolsVersion = 13.3;
						TestTargetID = 70BA1FC227EEB492000C2567;
					};
				};
			};
			buildConfigurationList = 70BA1FB427EEB490000C2567 /* Build configuration list for PBXProject "Example" */;
			compatibilityVersion = "Xcode 13.0";
			developmentRegion = en;
			hasScannedForEncodings = 0;
			knownRegions = (
				en,
				Base,
			);
			mainGroup = 70BA1FB027EEB490000C2567;
			packageReferences = (
				70BA1FF927EEB709000C2567 /* XCRemoteSwiftPackageReference "SFSafeSymbols" */,
			);
			productRefGroup = 70BA1FBE27EEB492000C2567 /* Products */;
			projectDirPath = "";
			projectRoot = "";
			targets = (
				70BA1FBC27EEB492000C2567 /* Example (iOS) */,
				70BA1FC227EEB492000C2567 /* Example (macOS) */,
				70BA1FC927EEB492000C2567 /* Tests iOS */,
				70BA1FD527EEB492000C2567 /* Tests macOS */,
			);
		};
/* End PBXProject section */

/* Begin PBXResourcesBuildPhase section */
		70BA1FBB27EEB492000C2567 /* Resources */ = {
			isa = PBXResourcesBuildPhase;
			buildActionMask = 2147483647;
			files = (
				70BA1FE227EEB492000C2567 /* Assets.xcassets in Resources */,
			);
			runOnlyForDeploymentPostprocessing = 0;
		};
		70BA1FC127EEB492000C2567 /* Resources */ = {
			isa = PBXResourcesBuildPhase;
			buildActionMask = 2147483647;
			files = (
				70BA1FE327EEB492000C2567 /* Assets.xcassets in Resources */,
			);
			runOnlyForDeploymentPostprocessing = 0;
		};
		70BA1FC827EEB492000C2567 /* Resources */ = {
			isa = PBXResourcesBuildPhase;
			buildActionMask = 2147483647;
			files = (
			);
			runOnlyForDeploymentPostprocessing = 0;
		};
		70BA1FD427EEB492000C2567 /* Resources */ = {
			isa = PBXResourcesBuildPhase;
			buildActionMask = 2147483647;
			files = (
			);
			runOnlyForDeploymentPostprocessing = 0;
		};
/* End PBXResourcesBuildPhase section */

/* Begin PBXSourcesBuildPhase section */
		70BA1FB927EEB492000C2567 /* Sources */ = {
			isa = PBXSourcesBuildPhase;
			buildActionMask = 2147483647;
			files = (
				70BA1FE027EEB492000C2567 /* ContentView.swift in Sources */,
				70BA1FDE27EEB492000C2567 /* ExampleApp.swift in Sources */,
			);
			runOnlyForDeploymentPostprocessing = 0;
		};
		70BA1FBF27EEB492000C2567 /* Sources */ = {
			isa = PBXSourcesBuildPhase;
			buildActionMask = 2147483647;
			files = (
				70BA1FE127EEB492000C2567 /* ContentView.swift in Sources */,
				70BA1FDF27EEB492000C2567 /* ExampleApp.swift in Sources */,
			);
			runOnlyForDeploymentPostprocessing = 0;
		};
		70BA1FC627EEB492000C2567 /* Sources */ = {
			isa = PBXSourcesBuildPhase;
			buildActionMask = 2147483647;
			files = (
				70BA1FD127EEB492000C2567 /* Tests_iOSLaunchTests.swift in Sources */,
				70BA1FCF27EEB492000C2567 /* Tests_iOS.swift in Sources */,
			);
			runOnlyForDeploymentPostprocessing = 0;
		};
		70BA1FD227EEB492000C2567 /* Sources */ = {
			isa = PBXSourcesBuildPhase;
			buildActionMask = 2147483647;
			files = (
				70BA1FDD27EEB492000C2567 /* Tests_macOSLaunchTests.swift in Sources */,
				70BA1FDB27EEB492000C2567 /* Tests_macOS.swift in Sources */,
			);
			runOnlyForDeploymentPostprocessing = 0;
		};
/* End PBXSourcesBuildPhase section */

/* Begin PBXTargetDependency section */
		70BA1FCC27EEB492000C2567 /* PBXTargetDependency */ = {
			isa = PBXTargetDependency;
			target = 70BA1FBC27EEB492000C2567 /* Example (iOS) */;
			targetProxy = 70BA1FCB27EEB492000C2567 /* PBXContainerItemProxy */;
		};
		70BA1FD827EEB492000C2567 /* PBXTargetDependency */ = {
			isa = PBXTargetDependency;
			target = 70BA1FC227EEB492000C2567 /* Example (macOS) */;
			targetProxy = 70BA1FD727EEB492000C2567 /* PBXContainerItemProxy */;
		};
/* End PBXTargetDependency section */

/* Begin XCBuildConfiguration section */
		70BA1FE427EEB492000C2567 /* Debug */ = {
			isa = XCBuildConfiguration;
			buildSettings = {
				ALWAYS_SEARCH_USER_PATHS = NO;
				CLANG_ANALYZER_NONNULL = YES;
				CLANG_ANALYZER_NUMBER_OBJECT_CONVERSION = YES_AGGRESSIVE;
				CLANG_CXX_LANGUAGE_STANDARD = "gnu++17";
				CLANG_ENABLE_MODULES = YES;
				CLANG_ENABLE_OBJC_ARC = YES;
				CLANG_ENABLE_OBJC_WEAK = YES;
				CLANG_WARN_BLOCK_CAPTURE_AUTORELEASING = YES;
				CLANG_WARN_BOOL_CONVERSION = YES;
				CLANG_WARN_COMMA = YES;
				CLANG_WARN_CONSTANT_CONVERSION = YES;
				CLANG_WARN_DEPRECATED_OBJC_IMPLEMENTATIONS = YES;
				CLANG_WARN_DIRECT_OBJC_ISA_USAGE = YES_ERROR;
				CLANG_WARN_DOCUMENTATION_COMMENTS = YES;
				CLANG_WARN_EMPTY_BODY = YES;
				CLANG_WARN_ENUM_CONVERSION = YES;
				CLANG_WARN_INFINITE_RECURSION = YES;
				CLANG_WARN_INT_CONVERSION = YES;
				CLANG_WARN_NON_LITERAL_NULL_CONVERSION = YES;
				CLANG_WARN_OBJC_IMPLICIT_RETAIN_SELF = YES;
				CLANG_WARN_OBJC_LITERAL_CONVERSION = YES;
				CLANG_WARN_OBJC_ROOT_CLASS = YES_ERROR;
				CLANG_WARN_QUOTED_INCLUDE_IN_FRAMEWORK_HEADER = YES;
				CLANG_WARN_RANGE_LOOP_ANALYSIS = YES;
				CLANG_WARN_STRICT_PROTOTYPES = YES;
				CLANG_WARN_SUSPICIOUS_MOVE = YES;
				CLANG_WARN_UNGUARDED_AVAILABILITY = YES_AGGRESSIVE;
				CLANG_WARN_UNREACHABLE_CODE = YES;
				CLANG_WARN__DUPLICATE_METHOD_MATCH = YES;
				COPY_PHASE_STRIP = NO;
				DEBUG_INFORMATION_FORMAT = dwarf;
				ENABLE_STRICT_OBJC_MSGSEND = YES;
				ENABLE_TESTABILITY = YES;
				GCC_C_LANGUAGE_STANDARD = gnu11;
				GCC_DYNAMIC_NO_PIC = NO;
				GCC_NO_COMMON_BLOCKS = YES;
				GCC_OPTIMIZATION_LEVEL = 0;
				GCC_PREPROCESSOR_DEFINITIONS = (
					"DEBUG=1",
					"$(inherited)",
				);
				GCC_WARN_64_TO_32_BIT_CONVERSION = YES;
				GCC_WARN_ABOUT_RETURN_TYPE = YES_ERROR;
				GCC_WARN_UNDECLARED_SELECTOR = YES;
				GCC_WARN_UNINITIALIZED_AUTOS = YES_AGGRESSIVE;
				GCC_WARN_UNUSED_FUNCTION = YES;
				GCC_WARN_UNUSED_VARIABLE = YES;
				MTL_ENABLE_DEBUG_INFO = INCLUDE_SOURCE;
				MTL_FAST_MATH = YES;
				ONLY_ACTIVE_ARCH = YES;
				SWIFT_ACTIVE_COMPILATION_CONDITIONS = DEBUG;
				SWIFT_OPTIMIZATION_LEVEL = "-Onone";
			};
			name = Debug;
		};
		70BA1FE527EEB492000C2567 /* Release */ = {
			isa = XCBuildConfiguration;
			buildSettings = {
				ALWAYS_SEARCH_USER_PATHS = NO;
				CLANG_ANALYZER_NONNULL = YES;
				CLANG_ANALYZER_NUMBER_OBJECT_CONVERSION = YES_AGGRESSIVE;
				CLANG_CXX_LANGUAGE_STANDARD = "gnu++17";
				CLANG_ENABLE_MODULES = YES;
				CLANG_ENABLE_OBJC_ARC = YES;
				CLANG_ENABLE_OBJC_WEAK = YES;
				CLANG_WARN_BLOCK_CAPTURE_AUTORELEASING = YES;
				CLANG_WARN_BOOL_CONVERSION = YES;
				CLANG_WARN_COMMA = YES;
				CLANG_WARN_CONSTANT_CONVERSION = YES;
				CLANG_WARN_DEPRECATED_OBJC_IMPLEMENTATIONS = YES;
				CLANG_WARN_DIRECT_OBJC_ISA_USAGE = YES_ERROR;
				CLANG_WARN_DOCUMENTATION_COMMENTS = YES;
				CLANG_WARN_EMPTY_BODY = YES;
				CLANG_WARN_ENUM_CONVERSION = YES;
				CLANG_WARN_INFINITE_RECURSION = YES;
				CLANG_WARN_INT_CONVERSION = YES;
				CLANG_WARN_NON_LITERAL_NULL_CONVERSION = YES;
				CLANG_WARN_OBJC_IMPLICIT_RETAIN_SELF = YES;
				CLANG_WARN_OBJC_LITERAL_CONVERSION = YES;
				CLANG_WARN_OBJC_ROOT_CLASS = YES_ERROR;
				CLANG_WARN_QUOTED_INCLUDE_IN_FRAMEWORK_HEADER = YES;
				CLANG_WARN_RANGE_LOOP_ANALYSIS = YES;
				CLANG_WARN_STRICT_PROTOTYPES = YES;
				CLANG_WARN_SUSPICIOUS_MOVE = YES;
				CLANG_WARN_UNGUARDED_AVAILABILITY = YES_AGGRESSIVE;
				CLANG_WARN_UNREACHABLE_CODE = YES;
				CLANG_WARN__DUPLICATE_METHOD_MATCH = YES;
				COPY_PHASE_STRIP = NO;
				DEBUG_INFORMATION_FORMAT = "dwarf-with-dsym";
				ENABLE_NS_ASSERTIONS = NO;
				ENABLE_STRICT_OBJC_MSGSEND = YES;
				GCC_C_LANGUAGE_STANDARD = gnu11;
				GCC_NO_COMMON_BLOCKS = YES;
				GCC_WARN_64_TO_32_BIT_CONVERSION = YES;
				GCC_WARN_ABOUT_RETURN_TYPE = YES_ERROR;
				GCC_WARN_UNDECLARED_SELECTOR = YES;
				GCC_WARN_UNINITIALIZED_AUTOS = YES_AGGRESSIVE;
				GCC_WARN_UNUSED_FUNCTION = YES;
				GCC_WARN_UNUSED_VARIABLE = YES;
				MTL_ENABLE_DEBUG_INFO = NO;
				MTL_FAST_MATH = YES;
				SWIFT_COMPILATION_MODE = wholemodule;
				SWIFT_OPTIMIZATION_LEVEL = "-O";
			};
			name = Release;
		};
		70BA1FE727EEB492000C2567 /* Debug */ = {
			isa = XCBuildConfiguration;
			buildSettings = {
				ASSETCATALOG_COMPILER_APPICON_NAME = AppIcon;
				ASSETCATALOG_COMPILER_GLOBAL_ACCENT_COLOR_NAME = AccentColor;
				CODE_SIGN_STYLE = Automatic;
				CURRENT_PROJECT_VERSION = 1;
				DEVELOPMENT_TEAM = P437HSA6PY;
				ENABLE_PREVIEWS = YES;
				GENERATE_INFOPLIST_FILE = YES;
				INFOPLIST_KEY_UIApplicationSceneManifest_Generation = YES;
				INFOPLIST_KEY_UIApplicationSupportsIndirectInputEvents = YES;
				INFOPLIST_KEY_UILaunchScreen_Generation = YES;
				INFOPLIST_KEY_UISupportedInterfaceOrientations_iPad = "UIInterfaceOrientationPortrait UIInterfaceOrientationPortraitUpsideDown UIInterfaceOrientationLandscapeLeft UIInterfaceOrientationLandscapeRight";
				INFOPLIST_KEY_UISupportedInterfaceOrientations_iPhone = "UIInterfaceOrientationPortrait UIInterfaceOrientationLandscapeLeft UIInterfaceOrientationLandscapeRight";
				IPHONEOS_DEPLOYMENT_TARGET = 15.4;
				LD_RUNPATH_SEARCH_PATHS = (
					"$(inherited)",
					"@executable_path/Frameworks",
				);
				MARKETING_VERSION = 1.0;
				PRODUCT_BUNDLE_IDENTIFIER = tech.penginmura.Example;
				PRODUCT_NAME = Example;
				SDKROOT = iphoneos;
				SWIFT_EMIT_LOC_STRINGS = YES;
				SWIFT_VERSION = 5.0;
				TARGETED_DEVICE_FAMILY = "1,2";
			};
			name = Debug;
		};
		70BA1FE827EEB492000C2567 /* Release */ = {
			isa = XCBuildConfiguration;
			buildSettings = {
				ASSETCATALOG_COMPILER_APPICON_NAME = AppIcon;
				ASSETCATALOG_COMPILER_GLOBAL_ACCENT_COLOR_NAME = AccentColor;
				CODE_SIGN_STYLE = Automatic;
				CURRENT_PROJECT_VERSION = 1;
				DEVELOPMENT_TEAM = P437HSA6PY;
				ENABLE_PREVIEWS = YES;
				GENERATE_INFOPLIST_FILE = YES;
				INFOPLIST_KEY_UIApplicationSceneManifest_Generation = YES;
				INFOPLIST_KEY_UIApplicationSupportsIndirectInputEvents = YES;
				INFOPLIST_KEY_UILaunchScreen_Generation = YES;
				INFOPLIST_KEY_UISupportedInterfaceOrientations_iPad = "UIInterfaceOrientationPortrait UIInterfaceOrientationPortraitUpsideDown UIInterfaceOrientationLandscapeLeft UIInterfaceOrientationLandscapeRight";
				INFOPLIST_KEY_UISupportedInterfaceOrientations_iPhone = "UIInterfaceOrientationPortrait UIInterfaceOrientationLandscapeLeft UIInterfaceOrientationLandscapeRight";
				IPHONEOS_DEPLOYMENT_TARGET = 15.4;
				LD_RUNPATH_SEARCH_PATHS = (
					"$(inherited)",
					"@executable_path/Frameworks",
				);
				MARKETING_VERSION = 1.0;
				PRODUCT_BUNDLE_IDENTIFIER = tech.penginmura.Example;
				PRODUCT_NAME = Example;
				SDKROOT = iphoneos;
				SWIFT_EMIT_LOC_STRINGS = YES;
				SWIFT_VERSION = 5.0;
				TARGETED_DEVICE_FAMILY = "1,2";
				VALIDATE_PRODUCT = YES;
			};
			name = Release;
		};
		70BA1FEA27EEB492000C2567 /* Debug */ = {
			isa = XCBuildConfiguration;
			buildSettings = {
				ASSETCATALOG_COMPILER_APPICON_NAME = AppIcon;
				ASSETCATALOG_COMPILER_GLOBAL_ACCENT_COLOR_NAME = AccentColor;
				CODE_SIGN_ENTITLEMENTS = macOS/macOS.entitlements;
				CODE_SIGN_STYLE = Automatic;
				COMBINE_HIDPI_IMAGES = YES;
				CURRENT_PROJECT_VERSION = 1;
				DEVELOPMENT_TEAM = P437HSA6PY;
				ENABLE_HARDENED_RUNTIME = YES;
				ENABLE_PREVIEWS = YES;
				GENERATE_INFOPLIST_FILE = YES;
				INFOPLIST_KEY_NSHumanReadableCopyright = "";
				LD_RUNPATH_SEARCH_PATHS = (
					"$(inherited)",
					"@executable_path/../Frameworks",
				);
				MACOSX_DEPLOYMENT_TARGET = 12.2;
				MARKETING_VERSION = 1.0;
				PRODUCT_BUNDLE_IDENTIFIER = tech.penginmura.Example;
				PRODUCT_NAME = Example;
				SDKROOT = macosx;
				SWIFT_EMIT_LOC_STRINGS = YES;
				SWIFT_VERSION = 5.0;
			};
			name = Debug;
		};
		70BA1FEB27EEB492000C2567 /* Release */ = {
			isa = XCBuildConfiguration;
			buildSettings = {
				ASSETCATALOG_COMPILER_APPICON_NAME = AppIcon;
				ASSETCATALOG_COMPILER_GLOBAL_ACCENT_COLOR_NAME = AccentColor;
				CODE_SIGN_ENTITLEMENTS = macOS/macOS.entitlements;
				CODE_SIGN_STYLE = Automatic;
				COMBINE_HIDPI_IMAGES = YES;
				CURRENT_PROJECT_VERSION = 1;
				DEVELOPMENT_TEAM = P437HSA6PY;
				ENABLE_HARDENED_RUNTIME = YES;
				ENABLE_PREVIEWS = YES;
				GENERATE_INFOPLIST_FILE = YES;
				INFOPLIST_KEY_NSHumanReadableCopyright = "";
				LD_RUNPATH_SEARCH_PATHS = (
					"$(inherited)",
					"@executable_path/../Frameworks",
				);
				MACOSX_DEPLOYMENT_TARGET = 12.2;
				MARKETING_VERSION = 1.0;
				PRODUCT_BUNDLE_IDENTIFIER = tech.penginmura.Example;
				PRODUCT_NAME = Example;
				SDKROOT = macosx;
				SWIFT_EMIT_LOC_STRINGS = YES;
				SWIFT_VERSION = 5.0;
			};
			name = Release;
		};
		70BA1FED27EEB492000C2567 /* Debug */ = {
			isa = XCBuildConfiguration;
			buildSettings = {
				ALWAYS_EMBED_SWIFT_STANDARD_LIBRARIES = YES;
				CODE_SIGN_STYLE = Automatic;
				CURRENT_PROJECT_VERSION = 1;
				DEVELOPMENT_TEAM = P437HSA6PY;
				GENERATE_INFOPLIST_FILE = YES;
				IPHONEOS_DEPLOYMENT_TARGET = 15.4;
				MARKETING_VERSION = 1.0;
				PRODUCT_BUNDLE_IDENTIFIER = "tech.penginmura.Tests-iOS";
				PRODUCT_NAME = "$(TARGET_NAME)";
				SDKROOT = iphoneos;
				SWIFT_EMIT_LOC_STRINGS = NO;
				SWIFT_VERSION = 5.0;
				TARGETED_DEVICE_FAMILY = "1,2";
				TEST_TARGET_NAME = "Example (iOS)";
			};
			name = Debug;
		};
		70BA1FEE27EEB492000C2567 /* Release */ = {
			isa = XCBuildConfiguration;
			buildSettings = {
				ALWAYS_EMBED_SWIFT_STANDARD_LIBRARIES = YES;
				CODE_SIGN_STYLE = Automatic;
				CURRENT_PROJECT_VERSION = 1;
				DEVELOPMENT_TEAM = P437HSA6PY;
				GENERATE_INFOPLIST_FILE = YES;
				IPHONEOS_DEPLOYMENT_TARGET = 15.4;
				MARKETING_VERSION = 1.0;
				PRODUCT_BUNDLE_IDENTIFIER = "tech.penginmura.Tests-iOS";
				PRODUCT_NAME = "$(TARGET_NAME)";
				SDKROOT = iphoneos;
				SWIFT_EMIT_LOC_STRINGS = NO;
				SWIFT_VERSION = 5.0;
				TARGETED_DEVICE_FAMILY = "1,2";
				TEST_TARGET_NAME = "Example (iOS)";
				VALIDATE_PRODUCT = YES;
			};
			name = Release;
		};
		70BA1FF027EEB492000C2567 /* Debug */ = {
			isa = XCBuildConfiguration;
			buildSettings = {
				ALWAYS_EMBED_SWIFT_STANDARD_LIBRARIES = YES;
				CODE_SIGN_STYLE = Automatic;
				CURRENT_PROJECT_VERSION = 1;
				DEVELOPMENT_TEAM = P437HSA6PY;
				GENERATE_INFOPLIST_FILE = YES;
				MACOSX_DEPLOYMENT_TARGET = 12.2;
				MARKETING_VERSION = 1.0;
				PRODUCT_BUNDLE_IDENTIFIER = "tech.penginmura.Tests-macOS";
				PRODUCT_NAME = "$(TARGET_NAME)";
				SDKROOT = macosx;
				SWIFT_EMIT_LOC_STRINGS = NO;
				SWIFT_VERSION = 5.0;
				TEST_TARGET_NAME = "Example (macOS)";
			};
			name = Debug;
		};
		70BA1FF127EEB492000C2567 /* Release */ = {
			isa = XCBuildConfiguration;
			buildSettings = {
				ALWAYS_EMBED_SWIFT_STANDARD_LIBRARIES = YES;
				CODE_SIGN_STYLE = Automatic;
				CURRENT_PROJECT_VERSION = 1;
				DEVELOPMENT_TEAM = P437HSA6PY;
				GENERATE_INFOPLIST_FILE = YES;
				MACOSX_DEPLOYMENT_TARGET = 12.2;
				MARKETING_VERSION = 1.0;
				PRODUCT_BUNDLE_IDENTIFIER = "tech.penginmura.Tests-macOS";
				PRODUCT_NAME = "$(TARGET_NAME)";
				SDKROOT = macosx;
				SWIFT_EMIT_LOC_STRINGS = NO;
				SWIFT_VERSION = 5.0;
				TEST_TARGET_NAME = "Example (macOS)";
			};
			name = Release;
		};
/* End XCBuildConfiguration section */

/* Begin XCConfigurationList section */
		70BA1FB427EEB490000C2567 /* Build configuration list for PBXProject "Example" */ = {
			isa = XCConfigurationList;
			buildConfigurations = (
				70BA1FE427EEB492000C2567 /* Debug */,
				70BA1FE527EEB492000C2567 /* Release */,
			);
			defaultConfigurationIsVisible = 0;
			defaultConfigurationName = Release;
		};
		70BA1FE627EEB492000C2567 /* Build configuration list for PBXNativeTarget "Example (iOS)" */ = {
			isa = XCConfigurationList;
			buildConfigurations = (
				70BA1FE727EEB492000C2567 /* Debug */,
				70BA1FE827EEB492000C2567 /* Release */,
			);
			defaultConfigurationIsVisible = 0;
			defaultConfigurationName = Release;
		};
		70BA1FE927EEB492000C2567 /* Build configuration list for PBXNativeTarget "Example (macOS)" */ = {
			isa = XCConfigurationList;
			buildConfigurations = (
				70BA1FEA27EEB492000C2567 /* Debug */,
				70BA1FEB27EEB492000C2567 /* Release */,
			);
			defaultConfigurationIsVisible = 0;
			defaultConfigurationName = Release;
		};
		70BA1FEC27EEB492000C2567 /* Build configuration list for PBXNativeTarget "Tests iOS" */ = {
			isa = XCConfigurationList;
			buildConfigurations = (
				70BA1FED27EEB492000C2567 /* Debug */,
				70BA1FEE27EEB492000C2567 /* Release */,
			);
			defaultConfigurationIsVisible = 0;
			defaultConfigurationName = Release;
		};
		70BA1FEF27EEB492000C2567 /* Build configuration list for PBXNativeTarget "Tests macOS" */ = {
			isa = XCConfigurationList;
			buildConfigurations = (
				70BA1FF027EEB492000C2567 /* Debug */,
				70BA1FF127EEB492000C2567 /* Release */,
			);
			defaultConfigurationIsVisible = 0;
			defaultConfigurationName = Release;
		};
/* End XCConfigurationList section */

/* Begin XCRemoteSwiftPackageReference section */
		70BA1FF927EEB709000C2567 /* XCRemoteSwiftPackageReference "SFSafeSymbols" */ = {
			isa = XCRemoteSwiftPackageReference;
			repositoryURL = "https://github.com/SFSafeSymbols/SFSafeSymbols.git";
			requirement = {
				kind = upToNextMajorVersion;
				minimumVersion = 2.0.0;
			};
		};
/* End XCRemoteSwiftPackageReference section */

/* Begin XCSwiftPackageProductDependency section */
		70BA1FF527EEB532000C2567 /* SFReadableSymbols */ = {
			isa = XCSwiftPackageProductDependency;
			productName = SFReadableSymbols;
		};
		70BA1FF727EEB53C000C2567 /* SFReadableSymbols */ = {
			isa = XCSwiftPackageProductDependency;
			productName = SFReadableSymbols;
		};
		70BA1FFA27EEB709000C2567 /* SFSafeSymbols */ = {
			isa = XCSwiftPackageProductDependency;
			package = 70BA1FF927EEB709000C2567 /* XCRemoteSwiftPackageReference "SFSafeSymbols" */;
			productName = SFSafeSymbols;
		};
		70BA1FFE27EEB9B5000C2567 /* SFSafeSymbols */ = {
			isa = XCSwiftPackageProductDependency;
			package = 70BA1FF927EEB709000C2567 /* XCRemoteSwiftPackageReference "SFSafeSymbols" */;
			productName = SFSafeSymbols;
		};
/* End XCSwiftPackageProductDependency section */
	};
	rootObject = 70BA1FB127EEB490000C2567 /* Project object */;
}
