{
  "pins" : [
    {
      "identity" : "sfsafesymbols",
      "kind" : "remoteSourceControl",
      "location" : "https://github.com/SFSafeSymbols/SFSafeSymbols.git",
      "state" : {
        "revision" : "c61de7a6e9eb1520d32316b06d5932accd974e70",
        "version" : "2.1.3"
      }
    }
  ],
  "version" : 2
}
